
Microsoft Visual Studio Solution File, Format Version 12.00
# Visual Studio Version 17
VisualStudioVersion = 17.9.34728.123
MinimumVisualStudioVersion = 10.0.40219.1
Project("{FAE04EC0-301F-11D3-BF4B-00C04F79EFBC}") = "AutoClicker", "AutoClicker.csproj", "{EF366FCE-D968-4AB8-A9F1-4FC189D9CF46}"
EndProject
Global
	GlobalSection(SolutionConfigurationPlatforms) = preSolution
		Debug|Any CPU = Debug|Any CPU
		Release|Any CPU = Release|Any CPU
	EndGlobalSection
	GlobalSection(ProjectConfigurationPlatforms) = postSolution
		{EF366FCE-D968-4AB8-A9F1-4FC189D9CF46}.Debug|Any CPU.ActiveCfg = Debug|Any CPU
		{EF366FCE-D968-4AB8-A9F1-4FC189D9CF46}.Debug|Any CPU.Build.0 = Debug|Any CPU
		{EF366FCE-D968-4AB8-A9F1-4FC189D9CF46}.Release|Any CPU.ActiveCfg = Release|Any CPU
		{EF366FCE-D968-4AB8-A9F1-4FC189D9CF46}.Release|Any CPU.Build.0 = Release|Any CPU
	EndGlobalSection
	GlobalSection(SolutionProperties) = preSolution
		HideSolutionNode = FALSE
	EndGlobalSection
	GlobalSection(ExtensibilityGlobals) = postSolution
		SolutionGuid = {5E96411D-99AA-4540-AD77-0776B28B60FC}
	EndGlobalSection
EndGlobal
